{
  "requires": true,
  "lockfileVersion": 1,
  "dependencies": {
    "@babel/runtime": {
      "version": "7.12.0",
      "resolved": "https://registry.npmjs.org/@babel/runtime/-/runtime-7.12.0.tgz",
      "integrity": "sha512-lS4QLXQ2Vbw2ubfQjeQcn+BZgZ5+ROHW9f+DWjEp5Y+NHYmkRGKqHSJ1tuhbUauKu2nhZNTBIvsIQ8dXfY5Gjw==",
      "optional": true,
      "requires": {
        "regenerator-runtime": "^0.13.4"
      }
    },
    "@types/raf": {
      "version": "3.4.0",
      "resolved": "https://registry.npmjs.org/@types/raf/-/raf-3.4.0.tgz",
      "integrity": "sha512-taW5/WYqo36N7V39oYyHP9Ipfd5pNFvGTIQsNGj86xV88YQ7GnI30/yMfKDF7Zgin0m3e+ikX88FvImnK4RjGw==",
      "optional": true
    },
    "atob": {
      "version": "2.1.2",
      "resolved": "https://registry.npmjs.org/atob/-/atob-2.1.2.tgz",
      "integrity": "sha512-Wm6ukoaOGJi/73p/cl2GvLjTI5JM1k/O14isD73YML8StrH/7/lRFgmg8nICZgD3bZZvjwCGxtMOD3wWNAu8cg=="
    },
    "base64-arraybuffer": {
      "version": "0.2.0",
      "resolved": "https://registry.npmjs.org/base64-arraybuffer/-/base64-arraybuffer-0.2.0.tgz",
      "integrity": "sha512-7emyCsu1/xiBXgQZrscw/8KPRT44I4Yq9Pe6EGs3aPRTsWuggML1/1DTuZUuIaJPIm1FTDUVXl4x/yW8s0kQDQ==",
      "optional": true
    },
    "btoa": {
      "version": "1.2.1",
      "resolved": "https://registry.npmjs.org/btoa/-/btoa-1.2.1.tgz",
      "integrity": "sha512-SB4/MIGlsiVkMcHmT+pSmIPoNDoHg+7cMzmt3Uxt628MTz2487DKSqK/fuhFBrkuqrYv5UCEnACpF4dTFNKc/g=="
    },
    "canvg": {
      "version": "3.0.6",
      "resolved": "https://registry.npmjs.org/canvg/-/canvg-3.0.6.tgz",
      "integrity": "sha512-eFUy8R/4DgocR93LF8lr+YUxW4PYblUe/Q1gz2osk/cI5n8AsYdassvln0D9QPhLXQ6Lx7l8hwtT8FLvOn2Ihg==",
      "optional": true,
      "requires": {
        "@babel/runtime": "^7.6.3",
        "@types/raf": "^3.4.0",
        "core-js": "3",
        "raf": "^3.4.1",
        "rgbcolor": "^1.0.1",
        "stackblur-canvas": "^2.0.0"
      }
    },
    "core-js": {
      "version": "3.6.5",
      "resolved": "https://registry.npmjs.org/core-js/-/core-js-3.6.5.tgz",
      "integrity": "sha512-vZVEEwZoIsI+vPEuoF9Iqf5H7/M3eeQqWlQnYa8FSKKePuYTf5MWnxb5SDAzCa60b3JBRS5g9b+Dq7b1y/RCrA==",
      "optional": true
    },
    "css-line-break": {
      "version": "1.1.1",
      "resolved": "https://registry.npmjs.org/css-line-break/-/css-line-break-1.1.1.tgz",
      "integrity": "sha512-1feNVaM4Fyzdj4mKPIQNL2n70MmuYzAXZ1aytlROFX1JsOo070OsugwGjj7nl6jnDJWHDM8zRZswkmeYVWZJQA==",
      "optional": true,
      "requires": {
        "base64-arraybuffer": "^0.2.0"
      }
    },
    "dompurify": {
      "version": "2.1.1",
      "resolved": "https://registry.npmjs.org/dompurify/-/dompurify-2.1.1.tgz",
      "integrity": "sha512-NijiNVkS/OL8mdQL1hUbCD6uty/cgFpmNiuFxrmJ5YPH2cXrPKIewoixoji56rbZ6XBPmtM8GA8/sf9unlSuwg==",
      "optional": true
    },
    "html2canvas": {
      "version": "1.0.0-rc.7",
      "resolved": "https://registry.npmjs.org/html2canvas/-/html2canvas-1.0.0-rc.7.tgz",
      "integrity": "sha512-yvPNZGejB2KOyKleZspjK/NruXVQuowu8NnV2HYG7gW7ytzl+umffbtUI62v2dCHQLDdsK6HIDtyJZ0W3neerA==",
      "optional": true,
      "requires": {
        "css-line-break": "1.1.1"
      }
    },
    "jspdf": {
      "version": "2.1.1",
      "resolved": "https://registry.npmjs.org/jspdf/-/jspdf-2.1.1.tgz",
      "integrity": "sha512-aEZmTr8SgR7Dy2zjFLu6pbg93urA7nZdbS3MIAXs8PSXn1ee7LSpm0JVMYZ+0qS6ZIUI5NriFSTdpVI4QArAXQ==",
      "requires": {
        "atob": "^2.1.2",
        "btoa": "^1.2.1",
        "canvg": "^3.0.6",
        "core-js": "^3.6.0",
        "dompurify": "^2.0.12",
        "html2canvas": "^1.0.0-rc.5"
      }
    },
    "performance-now": {
      "version": "2.1.0",
      "resolved": "https://registry.npmjs.org/performance-now/-/performance-now-2.1.0.tgz",
      "integrity": "sha1-Ywn04OX6kT7BxpMHrjZLSzd8nns=",
      "optional": true
    },
    "raf": {
      "version": "3.4.1",
      "resolved": "https://registry.npmjs.org/raf/-/raf-3.4.1.tgz",
      "integrity": "sha512-Sq4CW4QhwOHE8ucn6J34MqtZCeWFP2aQSmrlroYgqAV1PjStIhJXxYuTgUIfkEk7zTLjmIjLmU5q+fbD1NnOJA==",
      "optional": true,
      "requires": {
        "performance-now": "^2.1.0"
      }
    },
    "regenerator-runtime": {
      "version": "0.13.7",
      "resolved": "https://registry.npmjs.org/regenerator-runtime/-/regenerator-runtime-0.13.7.tgz",
      "integrity": "sha512-a54FxoJDIr27pgf7IgeQGxmqUNYrcV338lf/6gH456HZ/PhX+5BcwHXG9ajESmwe6WRO0tAzRUrRmNONWgkrew==",
      "optional": true
    },
    "rgbcolor": {
      "version": "1.0.1",
      "resolved": "https://registry.npmjs.org/rgbcolor/-/rgbcolor-1.0.1.tgz",
      "integrity": "sha1-1lBezbMEplldom+ktDMHMGd1lF0=",
      "optional": true
    },
    "stackblur-canvas": {
      "version": "2.4.0",
      "resolved": "https://registry.npmjs.org/stackblur-canvas/-/stackblur-canvas-2.4.0.tgz",
      "integrity": "sha512-Z+HixfgYV0ss3C342DxPwc+UvN1SYWqoz7Wsi3xEDWEnaBkSCL3Ey21gF4io+WlLm8/RIrSnCrDBIEcH4O+q5Q==",
      "optional": true
    }
  }
}
