{
  "requires": true,
  "lockfileVersion": 1,
  "dependencies": {
    "@pdf-lib/standard-fonts": {
      "version": "0.0.4",
      "resolved": "https://registry.npmjs.org/@pdf-lib/standard-fonts/-/standard-fonts-0.0.4.tgz",
      "integrity": "sha512-2pg8hXnChVAF6aSFraXtwB0cx/AgE15FvuLJbdPJSq9LYp1xMp0lapH4+t1HsdD9cA05rnWYLqlEBwS4YK1jLg==",
      "requires": {
        "base64-arraybuffer": "^0.1.5",
        "pako": "^1.0.6"
      }
    },
    "@pdf-lib/upng": {
      "version": "1.0.1",
      "resolved": "https://registry.npmjs.org/@pdf-lib/upng/-/upng-1.0.1.tgz",
      "integrity": "sha512-dQK2FUMQtowVP00mtIksrlZhdFXQZPC+taih1q4CvPZ5vqdxR/LKBaFg0oAfzd1GlHZXXSPdQfzQnt+ViGvEIQ==",
      "requires": {
        "pako": "^1.0.10"
      }
    },
    "base64-arraybuffer": {
      "version": "0.1.5",
      "resolved": "https://registry.npmjs.org/base64-arraybuffer/-/base64-arraybuffer-0.1.5.tgz",
      "integrity": "sha1-c5JncZI7Whl0etZmqlzUv5xunOg="
    },
    "pako": {
      "version": "1.0.11",
      "resolved": "https://registry.npmjs.org/pako/-/pako-1.0.11.tgz",
      "integrity": "sha512-4hLB8Py4zZce5s4yd9XzopqwVv/yGNhV1Bl8NTmCq1763HeK2+EwVTv+leGeL13Dnh2wfbqowVPXCIO0z4taYw=="
    },
    "pdf-lib": {
      "version": "1.4.1",
      "resolved": "https://registry.npmjs.org/pdf-lib/-/pdf-lib-1.4.1.tgz",
      "integrity": "sha512-Fj72wP2ZNIr797953v+8iQSH0argRdFkd8nbW+q0ngsuocgwCC9FT7sSXLsaSsUGM5eNKQlKJNHvWQlo7+ROJA==",
      "requires": {
        "@pdf-lib/standard-fonts": "^0.0.4",
        "@pdf-lib/upng": "^1.0.1",
        "pako": "^1.0.10",
        "tslib": "^1.10.0"
      }
    },
    "tslib": {
      "version": "1.11.1",
      "resolved": "https://registry.npmjs.org/tslib/-/tslib-1.11.1.tgz",
      "integrity": "sha512-aZW88SY8kQbU7gpV19lN24LtXh/yD4ZZg6qieAJDDg+YBsJcSmLGK9QpnUjAKVG/xefmvJGd1WUmfpT/g6AJGA=="
    }
  }
}
